
Microsoft Visual Studio Solution File, Format Version 12.00
# Visual Studio 2012
Project("{FAE04EC0-301F-11D3-BF4B-00C04F79EFBC}") = "ProgrammingAssignment2", "ProgrammingAssignment2\ProgrammingAssignment2.csproj", "{779BBCDB-BA66-40A3-B3B3-0C0AFCFAE4F7}"
EndProject
Global
	GlobalSection(SolutionConfigurationPlatforms) = preSolution
		Debug|x86 = Debug|x86
		Release|x86 = Release|x86
	EndGlobalSection
	GlobalSection(ProjectConfigurationPlatforms) = postSolution
		{779BBCDB-BA66-40A3-B3B3-0C0AFCFAE4F7}.Debug|x86.ActiveCfg = Debug|x86
		{779BBCDB-BA66-40A3-B3B3-0C0AFCFAE4F7}.Debug|x86.Build.0 = Debug|x86
		{779BBCDB-BA66-40A3-B3B3-0C0AFCFAE4F7}.Release|x86.ActiveCfg = Release|x86
		{779BBCDB-BA66-40A3-B3B3-0C0AFCFAE4F7}.Release|x86.Build.0 = Release|x86
	EndGlobalSection
EndGlobal
